<?xml version="1.0" encoding="utf-8"?>
<Project ToolsVersion="4.0" xmlns="http://schemas.microsoft.com/developer/msbuild/2003">
  <ItemGroup>
    <Filter Include="Source Files">
      <UniqueIdentifier>{4FC737F1-C7A5-4376-A066-2A32D752A2FF}</UniqueIdentifier>
      <Extensions>cpp;c;cc;cxx;c++;cppm;ixx;def;odl;idl;hpj;bat;asm;asmx</Extensions>
    </Filter>
    <Filter Include="Header Files">
      <UniqueIdentifier>{93995380-89BD-4b04-88EB-625FBE52EBFB}</UniqueIdentifier>
      <Extensions>h;hh;hpp;hxx;h++;hm;inl;inc;ipp;xsd</Extensions>
    </Filter>
    <Filter Include="Resource Files">
      <UniqueIdentifier>{67DA6AB6-F800-4c08-8B7A-83BB121AAD01}</UniqueIdentifier>
      <Extensions>rc;ico;cur;bmp;dlg;rc2;rct;bin;rgs;gif;jpg;jpeg;jpe;resx;tiff;tif;png;wav;mfcribbon-ms</Extensions>
    </Filter>
  </ItemGroup>
  <ItemGroup>
    <ClCompile Include="MyForm.cpp">
      <Filter>Source Files</Filter>
    </ClCompile>
    <ClCompile Include="Inicio.cpp">
      <Filter>Source Files</Filter>
    </ClCompile>
    <ClCompile Include="Frase1.cpp">
      <Filter>Source Files</Filter>
    </ClCompile>
    <ClCompile Include="Frase2.cpp">
      <Filter>Source Files</Filter>
    </ClCompile>
    <ClCompile Include="Win.cpp">
      <Filter>Source Files</Filter>
    </ClCompile>
    <ClCompile Include="Juicio.cpp">
      <Filter>Source Files</Filter>
    </ClCompile>
    <ClCompile Include="InstruccionesMundo1.cpp">
      <Filter>Source Files</Filter>
    </ClCompile>
    <ClCompile Include="GameOver.cpp">
      <Filter>Source Files</Filter>
    </ClCompile>
    <ClCompile Include="Decision1.cpp">
      <Filter>Source Files</Filter>
    </ClCompile>
    <ClCompile Include="InstruccionesMundo2.cpp">
      <Filter>Source Files</Filter>
    </ClCompile>
    <ClCompile Include="MyForm2.cpp">
      <Filter>Source Files</Filter>
    </ClCompile>
    <ClCompile Include="Frase3.cpp">
      <Filter>Source Files</Filter>
    </ClCompile>
    <ClCompile Include="InstruccionesMundo3.cpp">
      <Filter>Source Files</Filter>
    </ClCompile>
    <ClCompile Include="Decision2.cpp">
      <Filter>Source Files</Filter>
    </ClCompile>
    <ClCompile Include="JuicioFalla.cpp">
      <Filter>Source Files</Filter>
    </ClCompile>
  </ItemGroup>
  <ItemGroup>
    <ClInclude Include="MyForm.h">
      <Filter>Header Files</Filter>
    </ClInclude>
    <ClInclude Include="Inicio.h">
      <Filter>Header Files</Filter>
    </ClInclude>
    <ClInclude Include="Entidad.h">
      <Filter>Header Files</Filter>
    </ClInclude>
    <ClInclude Include="Jugador.h">
      <Filter>Header Files</Filter>
    </ClInclude>
    <ClInclude Include="Enemigo.h">
      <Filter>Header Files</Filter>
    </ClInclude>
    <ClInclude Include="Bala.h">
      <Filter>Header Files</Filter>
    </ClInclude>
    <ClInclude Include="Controladora.h">
      <Filter>Header Files</Filter>
    </ClInclude>
    <ClInclude Include="Frase1.h">
      <Filter>Header Files</Filter>
    </ClInclude>
    <ClInclude Include="Frase2.h">
      <Filter>Header Files</Filter>
    </ClInclude>
    <ClInclude Include="Win.h">
      <Filter>Header Files</Filter>
    </ClInclude>
    <ClInclude Include="Juicio.h">
      <Filter>Header Files</Filter>
    </ClInclude>
    <ClInclude Include="InstruccionesMundo1.h">
      <Filter>Header Files</Filter>
    </ClInclude>
    <ClInclude Include="GameOver.h">
      <Filter>Header Files</Filter>
    </ClInclude>
    <ClInclude Include="Decision1.h">
      <Filter>Header Files</Filter>
    </ClInclude>
    <ClInclude Include="InstruccionesMundo2.h">
      <Filter>Header Files</Filter>
    </ClInclude>
    <ClInclude Include="MyForm2.h">
      <Filter>Header Files</Filter>
    </ClInclude>
    <ClInclude Include="Frase3.h">
      <Filter>Header Files</Filter>
    </ClInclude>
    <ClInclude Include="InstruccionesMundo3.h">
      <Filter>Header Files</Filter>
    </ClInclude>
    <ClInclude Include="Decision2.h">
      <Filter>Header Files</Filter>
    </ClInclude>
    <ClInclude Include="JuicioFalla.h">
      <Filter>Header Files</Filter>
    </ClInclude>
  </ItemGroup>
</Project>